
Microsoft Visual Studio Solution File, Format Version 12.00
Project("{FAE04EC0-301F-11D3-BF4B-00C04F79EFBC}") = "CAMCleaner", "CAMCleaner\CAMCleaner.csproj", "{D961946A-CEF0-46A2-A9D3-E378AB9FDA94}"
EndProject
Global
	GlobalSection(SolutionConfigurationPlatforms) = preSolution
		Debug|Any CPU = Debug|Any CPU
		Release|Any CPU = Release|Any CPU
	EndGlobalSection
	GlobalSection(ProjectConfigurationPlatforms) = postSolution
		{D961946A-CEF0-46A2-A9D3-E378AB9FDA94}.Debug|Any CPU.ActiveCfg = Debug|Any CPU
		{D961946A-CEF0-46A2-A9D3-E378AB9FDA94}.Debug|Any CPU.Build.0 = Debug|Any CPU
		{D961946A-CEF0-46A2-A9D3-E378AB9FDA94}.Release|Any CPU.ActiveCfg = Release|Any CPU
		{D961946A-CEF0-46A2-A9D3-E378AB9FDA94}.Release|Any CPU.Build.0 = Release|Any CPU
	EndGlobalSection
EndGlobal
